
Microsoft Visual Studio Solution File, Format Version 12.00
# Visual Studio Version 17
VisualStudioVersion = 17.8.34511.84
MinimumVisualStudioVersion = 10.0.40219.1
Project("{FAE04EC0-301F-11D3-BF4B-00C04F79EFBC}") = "TUTORIAL03 labsheet02 Q01", "TUTORIAL03 labsheet02 Q01.csproj", "{F6A4412B-C4FC-4E61-98B4-0543FCFD3249}"
EndProject
Project("{FAE04EC0-301F-11D3-BF4B-00C04F79EFBC}") = "TUTORIAL03 labsheet02 Q02", "..\TUTORIAL03 labsheet02 Q02\TUTORIAL03 labsheet02 Q02.csproj", "{D788664A-353E-4C3C-8ECC-C4BE9B5B807F}"
EndProject
Project("{FAE04EC0-301F-11D3-BF4B-00C04F79EFBC}") = "TUTORIAL03 labsheet02 Q03", "..\TUTORIAL03 labsheet02 Q03\TUTORIAL03 labsheet02 Q03.csproj", "{0C761B00-267B-42F1-A968-A72E1BCD7B03}"
EndProject
Global
	GlobalSection(SolutionConfigurationPlatforms) = preSolution
		Debug|Any CPU = Debug|Any CPU
		Release|Any CPU = Release|Any CPU
	EndGlobalSection
	GlobalSection(ProjectConfigurationPlatforms) = postSolution
		{F6A4412B-C4FC-4E61-98B4-0543FCFD3249}.Debug|Any CPU.ActiveCfg = Debug|Any CPU
		{F6A4412B-C4FC-4E61-98B4-0543FCFD3249}.Debug|Any CPU.Build.0 = Debug|Any CPU
		{F6A4412B-C4FC-4E61-98B4-0543FCFD3249}.Release|Any CPU.ActiveCfg = Release|Any CPU
		{F6A4412B-C4FC-4E61-98B4-0543FCFD3249}.Release|Any CPU.Build.0 = Release|Any CPU
		{D788664A-353E-4C3C-8ECC-C4BE9B5B807F}.Debug|Any CPU.ActiveCfg = Debug|Any CPU
		{D788664A-353E-4C3C-8ECC-C4BE9B5B807F}.Debug|Any CPU.Build.0 = Debug|Any CPU
		{D788664A-353E-4C3C-8ECC-C4BE9B5B807F}.Release|Any CPU.ActiveCfg = Release|Any CPU
		{D788664A-353E-4C3C-8ECC-C4BE9B5B807F}.Release|Any CPU.Build.0 = Release|Any CPU
		{0C761B00-267B-42F1-A968-A72E1BCD7B03}.Debug|Any CPU.ActiveCfg = Debug|Any CPU
		{0C761B00-267B-42F1-A968-A72E1BCD7B03}.Debug|Any CPU.Build.0 = Debug|Any CPU
		{0C761B00-267B-42F1-A968-A72E1BCD7B03}.Release|Any CPU.ActiveCfg = Release|Any CPU
		{0C761B00-267B-42F1-A968-A72E1BCD7B03}.Release|Any CPU.Build.0 = Release|Any CPU
	EndGlobalSection
	GlobalSection(SolutionProperties) = preSolution
		HideSolutionNode = FALSE
	EndGlobalSection
	GlobalSection(ExtensibilityGlobals) = postSolution
		SolutionGuid = {861B4F9E-D61E-4BA5-9092-D21613B57091}
	EndGlobalSection
EndGlobal
